// !$*UTF8*$!
{
	archiveVersion = 1;
	classes = {
	};
	objectVersion = 46;
	objects = {

/* Begin PBXBuildFile section */
		C0134F991DBB084C0059D676 /* AboutViewController.swift in Sources */ = {isa = PBXBuildFile; fileRef = C0134F981DBB084C0059D676 /* AboutViewController.swift */; };
		C017A1621DACB8DF000A2C36 /* AppDelegate.swift in Sources */ = {isa = PBXBuildFile; fileRef = C017A1611DACB8DF000A2C36 /* AppDelegate.swift */; };
		C017A1641DACB8DF000A2C36 /* ViewController.swift in Sources */ = {isa = PBXBuildFile; fileRef = C017A1631DACB8DF000A2C36 /* ViewController.swift */; };
		C017A1671DACB8DF000A2C36 /* Main.storyboard in Resources */ = {isa = PBXBuildFile; fileRef = C017A1651DACB8DF000A2C36 /* Main.storyboard */; };
		C017A1691DACB8DF000A2C36 /* Assets.xcassets in Resources */ = {isa = PBXBuildFile; fileRef = C017A1681DACB8DF000A2C36 /* Assets.xcassets */; };
		C017A16C1DACB8DF000A2C36 /* LaunchScreen.storyboard in Resources */ = {isa = PBXBuildFile; fileRef = C017A16A1DACB8DF000A2C36 /* LaunchScreen.storyboard */; };
/* End PBXBuildFile section */

/* Begin PBXFileReference section */
		C0134F981DBB084C0059D676 /* AboutViewController.swift */ = {isa = PBXFileReference; fileEncoding = 4; lastKnownFileType = sourcecode.swift; path = AboutViewController.swift; sourceTree = "<group>"; };
		C017A15E1DACB8DF000A2C36 /* BullsEye.app */ = {isa = PBXFileReference; explicitFileType = wrapper.application; includeInIndex = 0; path = BullsEye.app; sourceTree = BUILT_PRODUCTS_DIR; };
		C017A1611DACB8DF000A2C36 /* AppDelegate.swift */ = {isa = PBXFileReference; lastKnownFileType = sourcecode.swift; path = AppDelegate.swift; sourceTree = "<group>"; };
		C017A1631DACB8DF000A2C36 /* ViewController.swift */ = {isa = PBXFileReference; lastKnownFileType = sourcecode.swift; path = ViewController.swift; sourceTree = "<group>"; };
		C017A1661DACB8DF000A2C36 /* Base */ = {isa = PBXFileReference; lastKnownFileType = file.storyboard; name = Base; path = Base.lproj/Main.storyboard; sourceTree = "<group>"; };
		C017A1681DACB8DF000A2C36 /* Assets.xcassets */ = {isa = PBXFileReference; lastKnownFileType = folder.assetcatalog; path = Assets.xcassets; sourceTree = "<group>"; };
		C017A16B1DACB8DF000A2C36 /* Base */ = {isa = PBXFileReference; lastKnownFileType = file.storyboard; name = Base; path = Base.lproj/LaunchScreen.storyboard; sourceTree = "<group>"; };
		C017A16D1DACB8DF000A2C36 /* Info.plist */ = {isa = PBXFileReference; lastKnownFileType = text.plist.xml; path = Info.plist; sourceTree = "<group>"; };
/* End PBXFileReference section */

/* Begin PBXFrameworksBuildPhase section */
		C017A15B1DACB8DE000A2C36 /* Frameworks */ = {
			isa = PBXFrameworksBuildPhase;
			buildActionMask = 2147483647;
			files = (
			);
			runOnlyForDeploymentPostprocessing = 0;
		};
/* End PBXFrameworksBuildPhase section */

/* Begin PBXGroup section */
		C017A1551DACB8DE000A2C36 = {
			isa = PBXGroup;
			children = (
				C017A1601DACB8DF000A2C36 /* BullsEye */,
				C017A15F1DACB8DF000A2C36 /* Products */,
			);
			sourceTree = "<group>";
		};
		C017A15F1DACB8DF000A2C36 /* Products */ = {
			isa = PBXGroup;
			children = (
				C017A15E1DACB8DF000A2C36 /* BullsEye.app */,
			);
			name = Products;
			sourceTree = "<group>";
		};
		C017A1601DACB8DF000A2C36 /* BullsEye */ = {
			isa = PBXGroup;
			children = (
				C017A1611DACB8DF000A2C36 /* AppDelegate.swift */,
				C017A1631DACB8DF000A2C36 /* ViewController.swift */,
				C0134F981DBB084C0059D676 /* AboutViewController.swift */,
				C017A1651DACB8DF000A2C36 /* Main.storyboard */,
				C017A1681DACB8DF000A2C36 /* Assets.xcassets */,
				C017A16A1DACB8DF000A2C36 /* LaunchScreen.storyboard */,
				C017A16D1DACB8DF000A2C36 /* Info.plist */,
			);
			path = BullsEye;
			sourceTree = "<group>";
		};
/* End PBXGroup section */

/* Begin PBXNativeTarget section */
		C017A15D1DACB8DE000A2C36 /* BullsEye */ = {
			isa = PBXNativeTarget;
			buildConfigurationList = C017A1701DACB8DF000A2C36 /* Build configuration list for PBXNativeTarget "BullsEye" */;
			buildPhases = (
				C017A15A1DACB8DE000A2C36 /* Sources */,
				C017A15B1DACB8DE000A2C36 /* Frameworks */,
				C017A15C1DACB8DE000A2C36 /* Resources */,
			);
			buildRules = (
			);
			dependencies = (
			);
			name = BullsEye;
			productName = BullsEye;
			productReference = C017A15E1DACB8DF000A2C36 /* BullsEye.app */;
			productType = "com.apple.product-type.application";
		};
/* End PBXNativeTarget section */

/* Begin PBXProject section */
		C017A1561DACB8DE000A2C36 /* Project object */ = {
			isa = PBXProject;
			attributes = {
				LastSwiftUpdateCheck = 0800;
				LastUpgradeCheck = 0800;
				ORGANIZATIONNAME = jude;
				TargetAttributes = {
					C017A15D1DACB8DE000A2C36 = {
						CreatedOnToolsVersion = 8.0;
						DevelopmentTeam = KQTZF4Y29N;
						ProvisioningStyle = Automatic;
					};
				};
			};
			buildConfigurationList = C017A1591DACB8DE000A2C36 /* Build configuration list for PBXProject "BullsEye" */;
			compatibilityVersion = "Xcode 3.2";
			developmentRegion = English;
			hasScannedForEncodings = 0;
			knownRegions = (
				en,
				Base,
			);
			mainGroup = C017A1551DACB8DE000A2C36;
			productRefGroup = C017A15F1DACB8DF000A2C36 /* Products */;
			projectDirPath = "";
			projectRoot = "";
			targets = (
				C017A15D1DACB8DE000A2C36 /* BullsEye */,
			);
		};
/* End PBXProject section */

/* Begin PBXResourcesBuildPhase section */
		C017A15C1DACB8DE000A2C36 /* Resources */ = {
			isa = PBXResourcesBuildPhase;
			buildActionMask = 2147483647;
			files = (
				C017A16C1DACB8DF000A2C36 /* LaunchScreen.storyboard in Resources */,
				C017A1691DACB8DF000A2C36 /* Assets.xcassets in Resources */,
				C017A1671DACB8DF000A2C36 /* Main.storyboard in Resources */,
			);
			runOnlyForDeploymentPostprocessing = 0;
		};
/* End PBXResourcesBuildPhase section */

/* Begin PBXSourcesBuildPhase section */
		C017A15A1DACB8DE000A2C36 /* Sources */ = {
			isa = PBXSourcesBuildPhase;
			buildActionMask = 2147483647;
			files = (
				C0134F991DBB084C0059D676 /* AboutViewController.swift in Sources */,
				C017A1641DACB8DF000A2C36 /* ViewController.swift in Sources */,
				C017A1621DACB8DF000A2C36 /* AppDelegate.swift in Sources */,
			);
			runOnlyForDeploymentPostprocessing = 0;
		};
/* End PBXSourcesBuildPhase section */

/* Begin PBXVariantGroup section */
		C017A1651DACB8DF000A2C36 /* Main.storyboard */ = {
			isa = PBXVariantGroup;
			children = (
				C017A1661DACB8DF000A2C36 /* Base */,
			);
			name = Main.storyboard;
			sourceTree = "<group>";
		};
		C017A16A1DACB8DF000A2C36 /* LaunchScreen.storyboard */ = {
			isa = PBXVariantGroup;
			children = (
				C017A16B1DACB8DF000A2C36 /* Base */,
			);
			name = LaunchScreen.storyboard;
			sourceTree = "<group>";
		};
/* End PBXVariantGroup section */

/* Begin XCBuildConfiguration section */
		C017A16E1DACB8DF000A2C36 /* Debug */ = {
			isa = XCBuildConfiguration;
			buildSettings = {
				ALWAYS_SEARCH_USER_PATHS = NO;
				CLANG_ANALYZER_NONNULL = YES;
				CLANG_CXX_LANGUAGE_STANDARD = "gnu++0x";
				CLANG_CXX_LIBRARY = "libc++";
				CLANG_ENABLE_MODULES = YES;
				CLANG_ENABLE_OBJC_ARC = YES;
				CLANG_WARN_BOOL_CONVERSION = YES;
				CLANG_WARN_CONSTANT_CONVERSION = YES;
				CLANG_WARN_DIRECT_OBJC_ISA_USAGE = YES_ERROR;
				CLANG_WARN_DOCUMENTATION_COMMENTS = YES;
				CLANG_WARN_EMPTY_BODY = YES;
				CLANG_WARN_ENUM_CONVERSION = YES;
				CLANG_WARN_INFINITE_RECURSION = YES;
				CLANG_WARN_INT_CONVERSION = YES;
				CLANG_WARN_OBJC_ROOT_CLASS = YES_ERROR;
				CLANG_WARN_SUSPICIOUS_MOVES = YES;
				CLANG_WARN_UNREACHABLE_CODE = YES;
				CLANG_WARN__DUPLICATE_METHOD_MATCH = YES;
				"CODE_SIGN_IDENTITY[sdk=iphoneos*]" = "iPhone Developer";
				COPY_PHASE_STRIP = NO;
				DEBUG_INFORMATION_FORMAT = dwarf;
				ENABLE_STRICT_OBJC_MSGSEND = YES;
				ENABLE_TESTABILITY = YES;
				GCC_C_LANGUAGE_STANDARD = gnu99;
				GCC_DYNAMIC_NO_PIC = NO;
				GCC_NO_COMMON_BLOCKS = YES;
				GCC_OPTIMIZATION_LEVEL = 0;
				GCC_PREPROCESSOR_DEFINITIONS = (
					"DEBUG=1",
					"$(inherited)",
				);
				GCC_WARN_64_TO_32_BIT_CONVERSION = YES;
				GCC_WARN_ABOUT_RETURN_TYPE = YES_ERROR;
				GCC_WARN_UNDECLARED_SELECTOR = YES;
				GCC_WARN_UNINITIALIZED_AUTOS = YES_AGGRESSIVE;
				GCC_WARN_UNUSED_FUNCTION = YES;
				GCC_WARN_UNUSED_VARIABLE = YES;
				IPHONEOS_DEPLOYMENT_TARGET = 10.0;
				MTL_ENABLE_DEBUG_INFO = YES;
				ONLY_ACTIVE_ARCH = YES;
				SDKROOT = iphoneos;
				SWIFT_ACTIVE_COMPILATION_CONDITIONS = DEBUG;
				SWIFT_OPTIMIZATION_LEVEL = "-Onone";
			};
			name = Debug;
		};
		C017A16F1DACB8DF000A2C36 /* Release */ = {
			isa = XCBuildConfiguration;
			buildSettings = {
				ALWAYS_SEARCH_USER_PATHS = NO;
				CLANG_ANALYZER_NONNULL = YES;
				CLANG_CXX_LANGUAGE_STANDARD = "gnu++0x";
				CLANG_CXX_LIBRARY = "libc++";
				CLANG_ENABLE_MODULES = YES;
				CLANG_ENABLE_OBJC_ARC = YES;
				CLANG_WARN_BOOL_CONVERSION = YES;
				CLANG_WARN_CONSTANT_CONVERSION = YES;
				CLANG_WARN_DIRECT_OBJC_ISA_USAGE = YES_ERROR;
				CLANG_WARN_DOCUMENTATION_COMMENTS = YES;
				CLANG_WARN_EMPTY_BODY = YES;
				CLANG_WARN_ENUM_CONVERSION = YES;
				CLANG_WARN_INFINITE_RECURSION = YES;
				CLANG_WARN_INT_CONVERSION = YES;
				CLANG_WARN_OBJC_ROOT_CLASS = YES_ERROR;
				CLANG_WARN_SUSPICIOUS_MOVES = YES;
				CLANG_WARN_UNREACHABLE_CODE = YES;
				CLANG_WARN__DUPLICATE_METHOD_MATCH = YES;
				"CODE_SIGN_IDENTITY[sdk=iphoneos*]" = "iPhone Developer";
				COPY_PHASE_STRIP = NO;
				DEBUG_INFORMATION_FORMAT = "dwarf-with-dsym";
				ENABLE_NS_ASSERTIONS = NO;
				ENABLE_STRICT_OBJC_MSGSEND = YES;
				GCC_C_LANGUAGE_STANDARD = gnu99;
				GCC_NO_COMMON_BLOCKS = YES;
				GCC_WARN_64_TO_32_BIT_CONVERSION = YES;
				GCC_WARN_ABOUT_RETURN_TYPE = YES_ERROR;
				GCC_WARN_UNDECLARED_SELECTOR = YES;
				GCC_WARN_UNINITIALIZED_AUTOS = YES_AGGRESSIVE;
				GCC_WARN_UNUSED_FUNCTION = YES;
				GCC_WARN_UNUSED_VARIABLE = YES;
				IPHONEOS_DEPLOYMENT_TARGET = 10.0;
				MTL_ENABLE_DEBUG_INFO = NO;
				SDKROOT = iphoneos;
				SWIFT_OPTIMIZATION_LEVEL = "-Owholemodule";
				VALIDATE_PRODUCT = YES;
			};
			name = Release;
		};
		C017A1711DACB8DF000A2C36 /* Debug */ = {
			isa = XCBuildConfiguration;
			buildSettings = {
				ASSETCATALOG_COMPILER_APPICON_NAME = AppIcon;
				DEVELOPMENT_TEAM = KQTZF4Y29N;
				INFOPLIST_FILE = BullsEye/Info.plist;
				LD_RUNPATH_SEARCH_PATHS = "$(inherited) @executable_path/Frameworks";
				PRODUCT_BUNDLE_IDENTIFIER = com.jude.BullsEye;
				PRODUCT_NAME = "$(TARGET_NAME)";
				SWIFT_VERSION = 3.0;
			};
			name = Debug;
		};
		C017A1721DACB8DF000A2C36 /* Release */ = {
			isa = XCBuildConfiguration;
			buildSettings = {
				ASSETCATALOG_COMPILER_APPICON_NAME = AppIcon;
				DEVELOPMENT_TEAM = KQTZF4Y29N;
				INFOPLIST_FILE = BullsEye/Info.plist;
				LD_RUNPATH_SEARCH_PATHS = "$(inherited) @executable_path/Frameworks";
				PRODUCT_BUNDLE_IDENTIFIER = com.jude.BullsEye;
				PRODUCT_NAME = "$(TARGET_NAME)";
				SWIFT_VERSION = 3.0;
			};
			name = Release;
		};
/* End XCBuildConfiguration section */

/* Begin XCConfigurationList section */
		C017A1591DACB8DE000A2C36 /* Build configuration list for PBXProject "BullsEye" */ = {
			isa = XCConfigurationList;
			buildConfigurations = (
				C017A16E1DACB8DF000A2C36 /* Debug */,
				C017A16F1DACB8DF000A2C36 /* Release */,
			);
			defaultConfigurationIsVisible = 0;
			defaultConfigurationName = Release;
		};
		C017A1701DACB8DF000A2C36 /* Build configuration list for PBXNativeTarget "BullsEye" */ = {
			isa = XCConfigurationList;
			buildConfigurations = (
				C017A1711DACB8DF000A2C36 /* Debug */,
				C017A1721DACB8DF000A2C36 /* Release */,
			);
			defaultConfigurationIsVisible = 0;
			defaultConfigurationName = Release;
		};
/* End XCConfigurationList section */
	};
	rootObject = C017A1561DACB8DE000A2C36 /* Project object */;
}
